// !$*UTF8*$!
{
	archiveVersion = 1;
	classes = {
	};
	objectVersion = 46;
	objects = {

/* Begin PBXBuildFile section */
		1C4D8C062E82C9525D09E533 /* libPods.a in Frameworks */ = {isa = PBXBuildFile; fileRef = 4661867F18E551152C79CE55 /* libPods.a */; };
		357AE2B81DAC7F4D006BEB7A /* PopMenu.m in Sources */ = {isa = PBXBuildFile; fileRef = 357AE2B71DAC7F4D006BEB7A /* PopMenu.m */; };
		3584E59E1DAB3BE300504539 /* main.m in Sources */ = {isa = PBXBuildFile; fileRef = 3584E59D1DAB3BE300504539 /* main.m */; };
		3584E5A11DAB3BE300504539 /* AppDelegate.m in Sources */ = {isa = PBXBuildFile; fileRef = 3584E5A01DAB3BE300504539 /* AppDelegate.m */; };
		3584E5A41DAB3BE300504539 /* ViewController.m in Sources */ = {isa = PBXBuildFile; fileRef = 3584E5A31DAB3BE300504539 /* ViewController.m */; };
		3584E5A71DAB3BE300504539 /* Main.storyboard in Resources */ = {isa = PBXBuildFile; fileRef = 3584E5A51DAB3BE300504539 /* Main.storyboard */; };
		3584E5A91DAB3BE300504539 /* Assets.xcassets in Resources */ = {isa = PBXBuildFile; fileRef = 3584E5A81DAB3BE300504539 /* Assets.xcassets */; };
		3584E5AC1DAB3BE300504539 /* LaunchScreen.storyboard in Resources */ = {isa = PBXBuildFile; fileRef = 3584E5AA1DAB3BE300504539 /* LaunchScreen.storyboard */; };
		3584E5CF1DAB3BFD00504539 /* XLsn0wChooser.podspec in Resources */ = {isa = PBXBuildFile; fileRef = 3584E5C41DAB3BFD00504539 /* XLsn0wChooser.podspec */; };
		3597ED111DB248B5000770C2 /* XLsn0wPickerSingler.m in Sources */ = {isa = PBXBuildFile; fileRef = 3597ED0A1DB248B5000770C2 /* XLsn0wPickerSingler.m */; };
		3597ED121DB248B5000770C2 /* XLsn0wToolbar.m in Sources */ = {isa = PBXBuildFile; fileRef = 3597ED0D1DB248B5000770C2 /* XLsn0wToolbar.m */; };
		3597ED131DB248B5000770C2 /* XLsn0wPickerDater.m in Sources */ = {isa = PBXBuildFile; fileRef = 3597ED101DB248B5000770C2 /* XLsn0wPickerDater.m */; };
		3597ED171DB24A18000770C2 /* XLsn0wPickerAreaer.m in Sources */ = {isa = PBXBuildFile; fileRef = 3597ED161DB24A18000770C2 /* XLsn0wPickerAreaer.m */; };
		3597ED1A1DB24A3B000770C2 /* area.plist in Resources */ = {isa = PBXBuildFile; fileRef = 3597ED191DB24A3B000770C2 /* area.plist */; };
		3597ED1F1DB24F34000770C2 /* XLsn0wCenterDatePicker.m in Sources */ = {isa = PBXBuildFile; fileRef = 3597ED1D1DB24F34000770C2 /* XLsn0wCenterDatePicker.m */; };
		3597ED201DB24F34000770C2 /* XLsn0wCenterDatePicker.xib in Resources */ = {isa = PBXBuildFile; fileRef = 3597ED1E1DB24F34000770C2 /* XLsn0wCenterDatePicker.xib */; };
		35A78C011DAB7A8100D9D180 /* XLsn0wDropMenu.m in Sources */ = {isa = PBXBuildFile; fileRef = 35A78BFD1DAB7A8100D9D180 /* XLsn0wDropMenu.m */; };
		35A78CA91DAB827000D9D180 /* DPPopUpMenu.m in Sources */ = {isa = PBXBuildFile; fileRef = 35A78CA21DAB827000D9D180 /* DPPopUpMenu.m */; };
		35A78CAA1DAB827000D9D180 /* KSDatePicker.m in Sources */ = {isa = PBXBuildFile; fileRef = 35A78CA41DAB827000D9D180 /* KSDatePicker.m */; };
		35A78CAB1DAB827000D9D180 /* KSDatePickerAppearance.m in Sources */ = {isa = PBXBuildFile; fileRef = 35A78CA61DAB827000D9D180 /* KSDatePickerAppearance.m */; };
		35A78CAC1DAB827000D9D180 /* UIColor+DPUIColor.m in Sources */ = {isa = PBXBuildFile; fileRef = 35A78CA81DAB827000D9D180 /* UIColor+DPUIColor.m */; };
		35A78CBE1DAB82A200D9D180 /* SGDatePicker.m in Sources */ = {isa = PBXBuildFile; fileRef = 35A78CAF1DAB82A200D9D180 /* SGDatePicker.m */; };
		35A78CBF1DAB82A200D9D180 /* SGDatePickerCenterView.m in Sources */ = {isa = PBXBuildFile; fileRef = 35A78CB11DAB82A200D9D180 /* SGDatePickerCenterView.m */; };
		35A78CC01DAB82A200D9D180 /* SGDatePickerCenterView.xib in Resources */ = {isa = PBXBuildFile; fileRef = 35A78CB21DAB82A200D9D180 /* SGDatePickerCenterView.xib */; };
		35A78CC11DAB82A200D9D180 /* SGDatePickerSheetView.m in Sources */ = {isa = PBXBuildFile; fileRef = 35A78CB41DAB82A200D9D180 /* SGDatePickerSheetView.m */; };
		35A78CC21DAB82A200D9D180 /* SGDatePickerSheetView.xib in Resources */ = {isa = PBXBuildFile; fileRef = 35A78CB51DAB82A200D9D180 /* SGDatePickerSheetView.xib */; };
		35A78CC31DAB82A200D9D180 /* SGLocationPickerCenterView.m in Sources */ = {isa = PBXBuildFile; fileRef = 35A78CB71DAB82A200D9D180 /* SGLocationPickerCenterView.m */; };
		35A78CC41DAB82A200D9D180 /* SGLocationPickerCenterView.xib in Resources */ = {isa = PBXBuildFile; fileRef = 35A78CB81DAB82A200D9D180 /* SGLocationPickerCenterView.xib */; };
		35A78CC51DAB82A200D9D180 /* SGLocationPickerSheetView.m in Sources */ = {isa = PBXBuildFile; fileRef = 35A78CBA1DAB82A200D9D180 /* SGLocationPickerSheetView.m */; };
		35A78CC61DAB82A200D9D180 /* SGLocationPickerSheetView.xib in Resources */ = {isa = PBXBuildFile; fileRef = 35A78CBB1DAB82A200D9D180 /* SGLocationPickerSheetView.xib */; };
		35A78CC71DAB82A200D9D180 /* SGPickerView.m in Sources */ = {isa = PBXBuildFile; fileRef = 35A78CBD1DAB82A200D9D180 /* SGPickerView.m */; };
/* End PBXBuildFile section */

/* Begin PBXFileReference section */
		357AE2B61DAC7F4D006BEB7A /* PopMenu.h */ = {isa = PBXFileReference; fileEncoding = 4; lastKnownFileType = sourcecode.c.h; path = PopMenu.h; sourceTree = "<group>"; };
		357AE2B71DAC7F4D006BEB7A /* PopMenu.m */ = {isa = PBXFileReference; fileEncoding = 4; lastKnownFileType = sourcecode.c.objc; path = PopMenu.m; sourceTree = "<group>"; };
		3584E5991DAB3BE300504539 /* XLsn0wChooser.app */ = {isa = PBXFileReference; explicitFileType = wrapper.application; includeInIndex = 0; path = XLsn0wChooser.app; sourceTree = BUILT_PRODUCTS_DIR; };
		3584E59D1DAB3BE300504539 /* main.m */ = {isa = PBXFileReference; lastKnownFileType = sourcecode.c.objc; path = main.m; sourceTree = "<group>"; };
		3584E59F1DAB3BE300504539 /* AppDelegate.h */ = {isa = PBXFileReference; lastKnownFileType = sourcecode.c.h; path = AppDelegate.h; sourceTree = "<group>"; };
		3584E5A01DAB3BE300504539 /* AppDelegate.m */ = {isa = PBXFileReference; lastKnownFileType = sourcecode.c.objc; path = AppDelegate.m; sourceTree = "<group>"; };
		3584E5A21DAB3BE300504539 /* ViewController.h */ = {isa = PBXFileReference; lastKnownFileType = sourcecode.c.h; path = ViewController.h; sourceTree = "<group>"; };
		3584E5A31DAB3BE300504539 /* ViewController.m */ = {isa = PBXFileReference; lastKnownFileType = sourcecode.c.objc; path = ViewController.m; sourceTree = "<group>"; };
		3584E5A61DAB3BE300504539 /* Base */ = {isa = PBXFileReference; lastKnownFileType = file.storyboard; name = Base; path = Base.lproj/Main.storyboard; sourceTree = "<group>"; };
		3584E5A81DAB3BE300504539 /* Assets.xcassets */ = {isa = PBXFileReference; lastKnownFileType = folder.assetcatalog; path = Assets.xcassets; sourceTree = "<group>"; };
		3584E5AB1DAB3BE300504539 /* Base */ = {isa = PBXFileReference; lastKnownFileType = file.storyboard; name = Base; path = Base.lproj/LaunchScreen.storyboard; sourceTree = "<group>"; };
		3584E5AD1DAB3BE300504539 /* Info.plist */ = {isa = PBXFileReference; lastKnownFileType = text.plist.xml; path = Info.plist; sourceTree = "<group>"; };
		3584E5C41DAB3BFD00504539 /* XLsn0wChooser.podspec */ = {isa = PBXFileReference; fileEncoding = 4; lastKnownFileType = text; path = XLsn0wChooser.podspec; sourceTree = "<group>"; };
		3597ED091DB248B5000770C2 /* XLsn0wPickerSingler.h */ = {isa = PBXFileReference; fileEncoding = 4; lastKnownFileType = sourcecode.c.h; path = XLsn0wPickerSingler.h; sourceTree = "<group>"; };
		3597ED0A1DB248B5000770C2 /* XLsn0wPickerSingler.m */ = {isa = PBXFileReference; fileEncoding = 4; lastKnownFileType = sourcecode.c.objc; path = XLsn0wPickerSingler.m; sourceTree = "<group>"; };
		3597ED0C1DB248B5000770C2 /* XLsn0wToolbar.h */ = {isa = PBXFileReference; fileEncoding = 4; lastKnownFileType = sourcecode.c.h; path = XLsn0wToolbar.h; sourceTree = "<group>"; };
		3597ED0D1DB248B5000770C2 /* XLsn0wToolbar.m */ = {isa = PBXFileReference; fileEncoding = 4; lastKnownFileType = sourcecode.c.objc; path = XLsn0wToolbar.m; sourceTree = "<group>"; };
		3597ED0F1DB248B5000770C2 /* XLsn0wPickerDater.h */ = {isa = PBXFileReference; fileEncoding = 4; lastKnownFileType = sourcecode.c.h; path = XLsn0wPickerDater.h; sourceTree = "<group>"; };
		3597ED101DB248B5000770C2 /* XLsn0wPickerDater.m */ = {isa = PBXFileReference; fileEncoding = 4; lastKnownFileType = sourcecode.c.objc; path = XLsn0wPickerDater.m; sourceTree = "<group>"; };
		3597ED151DB24A18000770C2 /* XLsn0wPickerAreaer.h */ = {isa = PBXFileReference; fileEncoding = 4; lastKnownFileType = sourcecode.c.h; path = XLsn0wPickerAreaer.h; sourceTree = "<group>"; };
		3597ED161DB24A18000770C2 /* XLsn0wPickerAreaer.m */ = {isa = PBXFileReference; fileEncoding = 4; lastKnownFileType = sourcecode.c.objc; path = XLsn0wPickerAreaer.m; sourceTree = "<group>"; };
		3597ED191DB24A3B000770C2 /* area.plist */ = {isa = PBXFileReference; fileEncoding = 4; lastKnownFileType = text.plist.xml; path = area.plist; sourceTree = "<group>"; };
		3597ED1C1DB24F34000770C2 /* XLsn0wCenterDatePicker.h */ = {isa = PBXFileReference; fileEncoding = 4; lastKnownFileType = sourcecode.c.h; path = XLsn0wCenterDatePicker.h; sourceTree = "<group>"; };
		3597ED1D1DB24F34000770C2 /* XLsn0wCenterDatePicker.m */ = {isa = PBXFileReference; fileEncoding = 4; lastKnownFileType = sourcecode.c.objc; path = XLsn0wCenterDatePicker.m; sourceTree = "<group>"; };
		3597ED1E1DB24F34000770C2 /* XLsn0wCenterDatePicker.xib */ = {isa = PBXFileReference; fileEncoding = 4; lastKnownFileType = file.xib; path = XLsn0wCenterDatePicker.xib; sourceTree = "<group>"; };
		35A78BFC1DAB7A8100D9D180 /* XLsn0wDropMenu.h */ = {isa = PBXFileReference; fileEncoding = 4; lastKnownFileType = sourcecode.c.h; path = XLsn0wDropMenu.h; sourceTree = "<group>"; };
		35A78BFD1DAB7A8100D9D180 /* XLsn0wDropMenu.m */ = {isa = PBXFileReference; fileEncoding = 4; lastKnownFileType = sourcecode.c.objc; path = XLsn0wDropMenu.m; sourceTree = "<group>"; };
		35A78C031DAB7AA600D9D180 /* XLsn0wChooserKit.h */ = {isa = PBXFileReference; fileEncoding = 4; lastKnownFileType = sourcecode.c.h; path = XLsn0wChooserKit.h; sourceTree = "<group>"; };
		35A78CA11DAB827000D9D180 /* DPPopUpMenu.h */ = {isa = PBXFileReference; fileEncoding = 4; lastKnownFileType = sourcecode.c.h; path = DPPopUpMenu.h; sourceTree = "<group>"; };
		35A78CA21DAB827000D9D180 /* DPPopUpMenu.m */ = {isa = PBXFileReference; fileEncoding = 4; lastKnownFileType = sourcecode.c.objc; path = DPPopUpMenu.m; sourceTree = "<group>"; };
		35A78CA31DAB827000D9D180 /* KSDatePicker.h */ = {isa = PBXFileReference; fileEncoding = 4; lastKnownFileType = sourcecode.c.h; path = KSDatePicker.h; sourceTree = "<group>"; };
		35A78CA41DAB827000D9D180 /* KSDatePicker.m */ = {isa = PBXFileReference; fileEncoding = 4; lastKnownFileType = sourcecode.c.objc; path = KSDatePicker.m; sourceTree = "<group>"; };
		35A78CA51DAB827000D9D180 /* KSDatePickerAppearance.h */ = {isa = PBXFileReference; fileEncoding = 4; lastKnownFileType = sourcecode.c.h; path = KSDatePickerAppearance.h; sourceTree = "<group>"; };
		35A78CA61DAB827000D9D180 /* KSDatePickerAppearance.m */ = {isa = PBXFileReference; fileEncoding = 4; lastKnownFileType = sourcecode.c.objc; path = KSDatePickerAppearance.m; sourceTree = "<group>"; };
		35A78CA71DAB827000D9D180 /* UIColor+DPUIColor.h */ = {isa = PBXFileReference; fileEncoding = 4; lastKnownFileType = sourcecode.c.h; path = "UIColor+DPUIColor.h"; sourceTree = "<group>"; };
		35A78CA81DAB827000D9D180 /* UIColor+DPUIColor.m */ = {isa = PBXFileReference; fileEncoding = 4; lastKnownFileType = sourcecode.c.objc; path = "UIColor+DPUIColor.m"; sourceTree = "<group>"; };
		35A78CAE1DAB82A200D9D180 /* SGDatePicker.h */ = {isa = PBXFileReference; fileEncoding = 4; lastKnownFileType = sourcecode.c.h; path = SGDatePicker.h; sourceTree = "<group>"; };
		35A78CAF1DAB82A200D9D180 /* SGDatePicker.m */ = {isa = PBXFileReference; fileEncoding = 4; lastKnownFileType = sourcecode.c.objc; path = SGDatePicker.m; sourceTree = "<group>"; };
		35A78CB01DAB82A200D9D180 /* SGDatePickerCenterView.h */ = {isa = PBXFileReference; fileEncoding = 4; lastKnownFileType = sourcecode.c.h; path = SGDatePickerCenterView.h; sourceTree = "<group>"; };
		35A78CB11DAB82A200D9D180 /* SGDatePickerCenterView.m */ = {isa = PBXFileReference; fileEncoding = 4; lastKnownFileType = sourcecode.c.objc; path = SGDatePickerCenterView.m; sourceTree = "<group>"; };
		35A78CB21DAB82A200D9D180 /* SGDatePickerCenterView.xib */ = {isa = PBXFileReference; fileEncoding = 4; lastKnownFileType = file.xib; path = SGDatePickerCenterView.xib; sourceTree = "<group>"; };
		35A78CB31DAB82A200D9D180 /* SGDatePickerSheetView.h */ = {isa = PBXFileReference; fileEncoding = 4; lastKnownFileType = sourcecode.c.h; path = SGDatePickerSheetView.h; sourceTree = "<group>"; };
		35A78CB41DAB82A200D9D180 /* SGDatePickerSheetView.m */ = {isa = PBXFileReference; fileEncoding = 4; lastKnownFileType = sourcecode.c.objc; path = SGDatePickerSheetView.m; sourceTree = "<group>"; };
		35A78CB51DAB82A200D9D180 /* SGDatePickerSheetView.xib */ = {isa = PBXFileReference; fileEncoding = 4; lastKnownFileType = file.xib; path = SGDatePickerSheetView.xib; sourceTree = "<group>"; };
		35A78CB61DAB82A200D9D180 /* SGLocationPickerCenterView.h */ = {isa = PBXFileReference; fileEncoding = 4; lastKnownFileType = sourcecode.c.h; path = SGLocationPickerCenterView.h; sourceTree = "<group>"; };
		35A78CB71DAB82A200D9D180 /* SGLocationPickerCenterView.m */ = {isa = PBXFileReference; fileEncoding = 4; lastKnownFileType = sourcecode.c.objc; path = SGLocationPickerCenterView.m; sourceTree = "<group>"; };
		35A78CB81DAB82A200D9D180 /* SGLocationPickerCenterView.xib */ = {isa = PBXFileReference; fileEncoding = 4; lastKnownFileType = file.xib; path = SGLocationPickerCenterView.xib; sourceTree = "<group>"; };
		35A78CB91DAB82A200D9D180 /* SGLocationPickerSheetView.h */ = {isa = PBXFileReference; fileEncoding = 4; lastKnownFileType = sourcecode.c.h; path = SGLocationPickerSheetView.h; sourceTree = "<group>"; };
		35A78CBA1DAB82A200D9D180 /* SGLocationPickerSheetView.m */ = {isa = PBXFileReference; fileEncoding = 4; lastKnownFileType = sourcecode.c.objc; path = SGLocationPickerSheetView.m; sourceTree = "<group>"; };
		35A78CBB1DAB82A200D9D180 /* SGLocationPickerSheetView.xib */ = {isa = PBXFileReference; fileEncoding = 4; lastKnownFileType = file.xib; path = SGLocationPickerSheetView.xib; sourceTree = "<group>"; };
		35A78CBC1DAB82A200D9D180 /* SGPickerView.h */ = {isa = PBXFileReference; fileEncoding = 4; lastKnownFileType = sourcecode.c.h; path = SGPickerView.h; sourceTree = "<group>"; };
		35A78CBD1DAB82A200D9D180 /* SGPickerView.m */ = {isa = PBXFileReference; fileEncoding = 4; lastKnownFileType = sourcecode.c.objc; path = SGPickerView.m; sourceTree = "<group>"; };
		385E2A34D343E2ABF2B79496 /* Pods.release.xcconfig */ = {isa = PBXFileReference; includeInIndex = 1; lastKnownFileType = text.xcconfig; name = Pods.release.xcconfig; path = "Pods/Target Support Files/Pods/Pods.release.xcconfig"; sourceTree = "<group>"; };
		4661867F18E551152C79CE55 /* libPods.a */ = {isa = PBXFileReference; explicitFileType = archive.ar; includeInIndex = 0; path = libPods.a; sourceTree = BUILT_PRODUCTS_DIR; };
		94C8E45D473FF92F97BDAD1A /* Pods.debug.xcconfig */ = {isa = PBXFileReference; includeInIndex = 1; lastKnownFileType = text.xcconfig; name = Pods.debug.xcconfig; path = "Pods/Target Support Files/Pods/Pods.debug.xcconfig"; sourceTree = "<group>"; };
/* End PBXFileReference section */

/* Begin PBXFrameworksBuildPhase section */
		3584E5961DAB3BE300504539 /* Frameworks */ = {
			isa = PBXFrameworksBuildPhase;
			buildActionMask = 2147483647;
			files = (
				1C4D8C062E82C9525D09E533 /* libPods.a in Frameworks */,
			);
			runOnlyForDeploymentPostprocessing = 0;
		};
/* End PBXFrameworksBuildPhase section */

/* Begin PBXGroup section */
		3584E5901DAB3BE300504539 = {
			isa = PBXGroup;
			children = (
				3584E5B31DAB3BFD00504539 /* XLsn0w */,
				3584E59B1DAB3BE300504539 /* XLsn0wChooser */,
				3584E59A1DAB3BE300504539 /* Products */,
				BA53688AA84515725EFB4999 /* Pods */,
				7E59BF7B6A95F561D62EED31 /* Frameworks */,
			);
			sourceTree = "<group>";
		};
		3584E59A1DAB3BE300504539 /* Products */ = {
			isa = PBXGroup;
			children = (
				3584E5991DAB3BE300504539 /* XLsn0wChooser.app */,
			);
			name = Products;
			sourceTree = "<group>";
		};
		3584E59B1DAB3BE300504539 /* XLsn0wChooser */ = {
			isa = PBXGroup;
			children = (
				3584E59F1DAB3BE300504539 /* AppDelegate.h */,
				3584E5A01DAB3BE300504539 /* AppDelegate.m */,
				3584E5A21DAB3BE300504539 /* ViewController.h */,
				3584E5A31DAB3BE300504539 /* ViewController.m */,
				3584E5A51DAB3BE300504539 /* Main.storyboard */,
				3584E5A81DAB3BE300504539 /* Assets.xcassets */,
				3584E5AA1DAB3BE300504539 /* LaunchScreen.storyboard */,
				3584E5AD1DAB3BE300504539 /* Info.plist */,
				3584E59C1DAB3BE300504539 /* Supporting Files */,
			);
			path = XLsn0wChooser;
			sourceTree = "<group>";
		};
		3584E59C1DAB3BE300504539 /* Supporting Files */ = {
			isa = PBXGroup;
			children = (
				3584E59D1DAB3BE300504539 /* main.m */,
			);
			name = "Supporting Files";
			sourceTree = "<group>";
		};
		3584E5B31DAB3BFD00504539 /* XLsn0w */ = {
			isa = PBXGroup;
			children = (
				3584E5C41DAB3BFD00504539 /* XLsn0wChooser.podspec */,
				35A78C031DAB7AA600D9D180 /* XLsn0wChooserKit.h */,
				3597ED1B1DB24F34000770C2 /* XLsn0wCenterDatePicker */,
				3597ED141DB24A18000770C2 /* XLsn0wPickerAreaer */,
				3597ED081DB248B5000770C2 /* XLsn0wPickerSingler */,
				3597ED0E1DB248B5000770C2 /* XLsn0wPickerDater */,
				35A78CAD1DAB82A200D9D180 /* XLsn0wChooser */,
				35A78BFE1DAB7A8100D9D180 /* XLsn0wPopMenu */,
				35A78BFB1DAB7A8100D9D180 /* XLsn0wDropMenu */,
				35A78CA01DAB827000D9D180 /* XLsn0wDatePicker */,
				3597ED0B1DB248B5000770C2 /* XLsn0wToolbar */,
				3597ED181DB24A3B000770C2 /* Resources */,
			);
			path = XLsn0w;
			sourceTree = "<group>";
		};
		3597ED081DB248B5000770C2 /* XLsn0wPickerSingler */ = {
			isa = PBXGroup;
			children = (
				3597ED091DB248B5000770C2 /* XLsn0wPickerSingler.h */,
				3597ED0A1DB248B5000770C2 /* XLsn0wPickerSingler.m */,
			);
			path = XLsn0wPickerSingler;
			sourceTree = "<group>";
		};
		3597ED0B1DB248B5000770C2 /* XLsn0wToolbar */ = {
			isa = PBXGroup;
			children = (
				3597ED0C1DB248B5000770C2 /* XLsn0wToolbar.h */,
				3597ED0D1DB248B5000770C2 /* XLsn0wToolbar.m */,
			);
			path = XLsn0wToolbar;
			sourceTree = "<group>";
		};
		3597ED0E1DB248B5000770C2 /* XLsn0wPickerDater */ = {
			isa = PBXGroup;
			children = (
				3597ED0F1DB248B5000770C2 /* XLsn0wPickerDater.h */,
				3597ED101DB248B5000770C2 /* XLsn0wPickerDater.m */,
			);
			path = XLsn0wPickerDater;
			sourceTree = "<group>";
		};
		3597ED141DB24A18000770C2 /* XLsn0wPickerAreaer */ = {
			isa = PBXGroup;
			children = (
				3597ED151DB24A18000770C2 /* XLsn0wPickerAreaer.h */,
				3597ED161DB24A18000770C2 /* XLsn0wPickerAreaer.m */,
			);
			path = XLsn0wPickerAreaer;
			sourceTree = "<group>";
		};
		3597ED181DB24A3B000770C2 /* Resources */ = {
			isa = PBXGroup;
			children = (
				3597ED191DB24A3B000770C2 /* area.plist */,
			);
			path = Resources;
			sourceTree = "<group>";
		};
		3597ED1B1DB24F34000770C2 /* XLsn0wCenterDatePicker */ = {
			isa = PBXGroup;
			children = (
				3597ED1C1DB24F34000770C2 /* XLsn0wCenterDatePicker.h */,
				3597ED1D1DB24F34000770C2 /* XLsn0wCenterDatePicker.m */,
				3597ED1E1DB24F34000770C2 /* XLsn0wCenterDatePicker.xib */,
			);
			path = XLsn0wCenterDatePicker;
			sourceTree = "<group>";
		};
		35A78BFB1DAB7A8100D9D180 /* XLsn0wDropMenu */ = {
			isa = PBXGroup;
			children = (
				35A78BFC1DAB7A8100D9D180 /* XLsn0wDropMenu.h */,
				35A78BFD1DAB7A8100D9D180 /* XLsn0wDropMenu.m */,
			);
			path = XLsn0wDropMenu;
			sourceTree = "<group>";
		};
		35A78BFE1DAB7A8100D9D180 /* XLsn0wPopMenu */ = {
			isa = PBXGroup;
			children = (
				357AE2B61DAC7F4D006BEB7A /* PopMenu.h */,
				357AE2B71DAC7F4D006BEB7A /* PopMenu.m */,
			);
			path = XLsn0wPopMenu;
			sourceTree = "<group>";
		};
		35A78CA01DAB827000D9D180 /* XLsn0wDatePicker */ = {
			isa = PBXGroup;
			children = (
				35A78CA11DAB827000D9D180 /* DPPopUpMenu.h */,
				35A78CA21DAB827000D9D180 /* DPPopUpMenu.m */,
				35A78CA31DAB827000D9D180 /* KSDatePicker.h */,
				35A78CA41DAB827000D9D180 /* KSDatePicker.m */,
				35A78CA51DAB827000D9D180 /* KSDatePickerAppearance.h */,
				35A78CA61DAB827000D9D180 /* KSDatePickerAppearance.m */,
				35A78CA71DAB827000D9D180 /* UIColor+DPUIColor.h */,
				35A78CA81DAB827000D9D180 /* UIColor+DPUIColor.m */,
			);
			path = XLsn0wDatePicker;
			sourceTree = "<group>";
		};
		35A78CAD1DAB82A200D9D180 /* XLsn0wChooser */ = {
			isa = PBXGroup;
			children = (
				35A78CAE1DAB82A200D9D180 /* SGDatePicker.h */,
				35A78CAF1DAB82A200D9D180 /* SGDatePicker.m */,
				35A78CB01DAB82A200D9D180 /* SGDatePickerCenterView.h */,
				35A78CB11DAB82A200D9D180 /* SGDatePickerCenterView.m */,
				35A78CB21DAB82A200D9D180 /* SGDatePickerCenterView.xib */,
				35A78CB31DAB82A200D9D180 /* SGDatePickerSheetView.h */,
				35A78CB41DAB82A200D9D180 /* SGDatePickerSheetView.m */,
				35A78CB51DAB82A200D9D180 /* SGDatePickerSheetView.xib */,
				35A78CB61DAB82A200D9D180 /* SGLocationPickerCenterView.h */,
				35A78CB71DAB82A200D9D180 /* SGLocationPickerCenterView.m */,
				35A78CB81DAB82A200D9D180 /* SGLocationPickerCenterView.xib */,
				35A78CB91DAB82A200D9D180 /* SGLocationPickerSheetView.h */,
				35A78CBA1DAB82A200D9D180 /* SGLocationPickerSheetView.m */,
				35A78CBB1DAB82A200D9D180 /* SGLocationPickerSheetView.xib */,
				35A78CBC1DAB82A200D9D180 /* SGPickerView.h */,
				35A78CBD1DAB82A200D9D180 /* SGPickerView.m */,
			);
			path = XLsn0wChooser;
			sourceTree = "<group>";
		};
		7E59BF7B6A95F561D62EED31 /* Frameworks */ = {
			isa = PBXGroup;
			children = (
				4661867F18E551152C79CE55 /* libPods.a */,
			);
			name = Frameworks;
			sourceTree = "<group>";
		};
		BA53688AA84515725EFB4999 /* Pods */ = {
			isa = PBXGroup;
			children = (
				94C8E45D473FF92F97BDAD1A /* Pods.debug.xcconfig */,
				385E2A34D343E2ABF2B79496 /* Pods.release.xcconfig */,
			);
			name = Pods;
			sourceTree = "<group>";
		};
/* End PBXGroup section */

/* Begin PBXNativeTarget section */
		3584E5981DAB3BE300504539 /* XLsn0wChooser */ = {
			isa = PBXNativeTarget;
			buildConfigurationList = 3584E5B01DAB3BE300504539 /* Build configuration list for PBXNativeTarget "XLsn0wChooser" */;
			buildPhases = (
				0991B65FBED1138CAE6EA730 /* Check Pods Manifest.lock */,
				3584E5951DAB3BE300504539 /* Sources */,
				3584E5961DAB3BE300504539 /* Frameworks */,
				3584E5971DAB3BE300504539 /* Resources */,
				15EA5158E588F96F3EC6DA52 /* Embed Pods Frameworks */,
				804EDDD69E5F87C65F5C03EA /* Copy Pods Resources */,
			);
			buildRules = (
			);
			dependencies = (
			);
			name = XLsn0wChooser;
			productName = XLsn0wChooser;
			productReference = 3584E5991DAB3BE300504539 /* XLsn0wChooser.app */;
			productType = "com.apple.product-type.application";
		};
/* End PBXNativeTarget section */

/* Begin PBXProject section */
		3584E5911DAB3BE300504539 /* Project object */ = {
			isa = PBXProject;
			attributes = {
				LastUpgradeCheck = 0730;
				ORGANIZATIONNAME = XLsn0w;
				TargetAttributes = {
					3584E5981DAB3BE300504539 = {
						CreatedOnToolsVersion = 7.3.1;
					};
				};
			};
			buildConfigurationList = 3584E5941DAB3BE300504539 /* Build configuration list for PBXProject "XLsn0wChooser" */;
			compatibilityVersion = "Xcode 3.2";
			developmentRegion = English;
			hasScannedForEncodings = 0;
			knownRegions = (
				en,
				Base,
			);
			mainGroup = 3584E5901DAB3BE300504539;
			productRefGroup = 3584E59A1DAB3BE300504539 /* Products */;
			projectDirPath = "";
			projectRoot = "";
			targets = (
				3584E5981DAB3BE300504539 /* XLsn0wChooser */,
			);
		};
/* End PBXProject section */

/* Begin PBXResourcesBuildPhase section */
		3584E5971DAB3BE300504539 /* Resources */ = {
			isa = PBXResourcesBuildPhase;
			buildActionMask = 2147483647;
			files = (
				3584E5CF1DAB3BFD00504539 /* XLsn0wChooser.podspec in Resources */,
				3584E5AC1DAB3BE300504539 /* LaunchScreen.storyboard in Resources */,
				3584E5A91DAB3BE300504539 /* Assets.xcassets in Resources */,
				35A78CC61DAB82A200D9D180 /* SGLocationPickerSheetView.xib in Resources */,
				3597ED201DB24F34000770C2 /* XLsn0wCenterDatePicker.xib in Resources */,
				35A78CC41DAB82A200D9D180 /* SGLocationPickerCenterView.xib in Resources */,
				35A78CC01DAB82A200D9D180 /* SGDatePickerCenterView.xib in Resources */,
				35A78CC21DAB82A200D9D180 /* SGDatePickerSheetView.xib in Resources */,
				3584E5A71DAB3BE300504539 /* Main.storyboard in Resources */,
				3597ED1A1DB24A3B000770C2 /* area.plist in Resources */,
			);
			runOnlyForDeploymentPostprocessing = 0;
		};
/* End PBXResourcesBuildPhase section */

/* Begin PBXShellScriptBuildPhase section */
		0991B65FBED1138CAE6EA730 /* Check Pods Manifest.lock */ = {
			isa = PBXShellScriptBuildPhase;
			buildActionMask = 2147483647;
			files = (
			);
			inputPaths = (
			);
			name = "Check Pods Manifest.lock";
			outputPaths = (
			);
			runOnlyForDeploymentPostprocessing = 0;
			shellPath = /bin/sh;
			shellScript = "diff \"${PODS_ROOT}/../Podfile.lock\" \"${PODS_ROOT}/Manifest.lock\" > /dev/null\nif [[ $? != 0 ]] ; then\n    cat << EOM\nerror: The sandbox is not in sync with the Podfile.lock. Run 'pod install' or update your CocoaPods installation.\nEOM\n    exit 1\nfi\n";
			showEnvVarsInLog = 0;
		};
		15EA5158E588F96F3EC6DA52 /* Embed Pods Frameworks */ = {
			isa = PBXShellScriptBuildPhase;
			buildActionMask = 2147483647;
			files = (
			);
			inputPaths = (
			);
			name = "Embed Pods Frameworks";
			outputPaths = (
			);
			runOnlyForDeploymentPostprocessing = 0;
			shellPath = /bin/sh;
			shellScript = "\"${SRCROOT}/Pods/Target Support Files/Pods/Pods-frameworks.sh\"\n";
			showEnvVarsInLog = 0;
		};
		804EDDD69E5F87C65F5C03EA /* Copy Pods Resources */ = {
			isa = PBXShellScriptBuildPhase;
			buildActionMask = 2147483647;
			files = (
			);
			inputPaths = (
			);
			name = "Copy Pods Resources";
			outputPaths = (
			);
			runOnlyForDeploymentPostprocessing = 0;
			shellPath = /bin/sh;
			shellScript = "\"${SRCROOT}/Pods/Target Support Files/Pods/Pods-resources.sh\"\n";
			showEnvVarsInLog = 0;
		};
/* End PBXShellScriptBuildPhase section */

/* Begin PBXSourcesBuildPhase section */
		3584E5951DAB3BE300504539 /* Sources */ = {
			isa = PBXSourcesBuildPhase;
			buildActionMask = 2147483647;
			files = (
				3597ED1F1DB24F34000770C2 /* XLsn0wCenterDatePicker.m in Sources */,
				35A78C011DAB7A8100D9D180 /* XLsn0wDropMenu.m in Sources */,
				35A78CC51DAB82A200D9D180 /* SGLocationPickerSheetView.m in Sources */,
				3584E5A41DAB3BE300504539 /* ViewController.m in Sources */,
				3584E5A11DAB3BE300504539 /* AppDelegate.m in Sources */,
				3597ED171DB24A18000770C2 /* XLsn0wPickerAreaer.m in Sources */,
				35A78CBF1DAB82A200D9D180 /* SGDatePickerCenterView.m in Sources */,
				35A78CC11DAB82A200D9D180 /* SGDatePickerSheetView.m in Sources */,
				35A78CA91DAB827000D9D180 /* DPPopUpMenu.m in Sources */,
				35A78CAC1DAB827000D9D180 /* UIColor+DPUIColor.m in Sources */,
				3597ED131DB248B5000770C2 /* XLsn0wPickerDater.m in Sources */,
				35A78CC71DAB82A200D9D180 /* SGPickerView.m in Sources */,
				357AE2B81DAC7F4D006BEB7A /* PopMenu.m in Sources */,
				35A78CBE1DAB82A200D9D180 /* SGDatePicker.m in Sources */,
				3584E59E1DAB3BE300504539 /* main.m in Sources */,
				35A78CC31DAB82A200D9D180 /* SGLocationPickerCenterView.m in Sources */,
				3597ED121DB248B5000770C2 /* XLsn0wToolbar.m in Sources */,
				35A78CAA1DAB827000D9D180 /* KSDatePicker.m in Sources */,
				3597ED111DB248B5000770C2 /* XLsn0wPickerSingler.m in Sources */,
				35A78CAB1DAB827000D9D180 /* KSDatePickerAppearance.m in Sources */,
			);
			runOnlyForDeploymentPostprocessing = 0;
		};
/* End PBXSourcesBuildPhase section */

/* Begin PBXVariantGroup section */
		3584E5A51DAB3BE300504539 /* Main.storyboard */ = {
			isa = PBXVariantGroup;
			children = (
				3584E5A61DAB3BE300504539 /* Base */,
			);
			name = Main.storyboard;
			sourceTree = "<group>";
		};
		3584E5AA1DAB3BE300504539 /* LaunchScreen.storyboard */ = {
			isa = PBXVariantGroup;
			children = (
				3584E5AB1DAB3BE300504539 /* Base */,
			);
			name = LaunchScreen.storyboard;
			sourceTree = "<group>";
		};
/* End PBXVariantGroup section */

/* Begin XCBuildConfiguration section */
		3584E5AE1DAB3BE300504539 /* Debug */ = {
			isa = XCBuildConfiguration;
			buildSettings = {
				ALWAYS_SEARCH_USER_PATHS = NO;
				CLANG_ANALYZER_NONNULL = YES;
				CLANG_CXX_LANGUAGE_STANDARD = "gnu++0x";
				CLANG_CXX_LIBRARY = "libc++";
				CLANG_ENABLE_MODULES = YES;
				CLANG_ENABLE_OBJC_ARC = YES;
				CLANG_WARN_BOOL_CONVERSION = YES;
				CLANG_WARN_CONSTANT_CONVERSION = YES;
				CLANG_WARN_DIRECT_OBJC_ISA_USAGE = YES_ERROR;
				CLANG_WARN_EMPTY_BODY = YES;
				CLANG_WARN_ENUM_CONVERSION = YES;
				CLANG_WARN_INT_CONVERSION = YES;
				CLANG_WARN_OBJC_ROOT_CLASS = YES_ERROR;
				CLANG_WARN_UNREACHABLE_CODE = YES;
				CLANG_WARN__DUPLICATE_METHOD_MATCH = YES;
				"CODE_SIGN_IDENTITY[sdk=iphoneos*]" = "iPhone Developer";
				COPY_PHASE_STRIP = NO;
				DEBUG_INFORMATION_FORMAT = dwarf;
				ENABLE_STRICT_OBJC_MSGSEND = YES;
				ENABLE_TESTABILITY = YES;
				GCC_C_LANGUAGE_STANDARD = gnu99;
				GCC_DYNAMIC_NO_PIC = NO;
				GCC_NO_COMMON_BLOCKS = YES;
				GCC_OPTIMIZATION_LEVEL = 0;
				GCC_PREPROCESSOR_DEFINITIONS = (
					"DEBUG=1",
					"$(inherited)",
				);
				GCC_WARN_64_TO_32_BIT_CONVERSION = YES;
				GCC_WARN_ABOUT_RETURN_TYPE = YES_ERROR;
				GCC_WARN_UNDECLARED_SELECTOR = YES;
				GCC_WARN_UNINITIALIZED_AUTOS = YES_AGGRESSIVE;
				GCC_WARN_UNUSED_FUNCTION = YES;
				GCC_WARN_UNUSED_VARIABLE = YES;
				IPHONEOS_DEPLOYMENT_TARGET = 9.3;
				MTL_ENABLE_DEBUG_INFO = YES;
				ONLY_ACTIVE_ARCH = YES;
				SDKROOT = iphoneos;
			};
			name = Debug;
		};
		3584E5AF1DAB3BE300504539 /* Release */ = {
			isa = XCBuildConfiguration;
			buildSettings = {
				ALWAYS_SEARCH_USER_PATHS = NO;
				CLANG_ANALYZER_NONNULL = YES;
				CLANG_CXX_LANGUAGE_STANDARD = "gnu++0x";
				CLANG_CXX_LIBRARY = "libc++";
				CLANG_ENABLE_MODULES = YES;
				CLANG_ENABLE_OBJC_ARC = YES;
				CLANG_WARN_BOOL_CONVERSION = YES;
				CLANG_WARN_CONSTANT_CONVERSION = YES;
				CLANG_WARN_DIRECT_OBJC_ISA_USAGE = YES_ERROR;
				CLANG_WARN_EMPTY_BODY = YES;
				CLANG_WARN_ENUM_CONVERSION = YES;
				CLANG_WARN_INT_CONVERSION = YES;
				CLANG_WARN_OBJC_ROOT_CLASS = YES_ERROR;
				CLANG_WARN_UNREACHABLE_CODE = YES;
				CLANG_WARN__DUPLICATE_METHOD_MATCH = YES;
				"CODE_SIGN_IDENTITY[sdk=iphoneos*]" = "iPhone Developer";
				COPY_PHASE_STRIP = NO;
				DEBUG_INFORMATION_FORMAT = "dwarf-with-dsym";
				ENABLE_NS_ASSERTIONS = NO;
				ENABLE_STRICT_OBJC_MSGSEND = YES;
				GCC_C_LANGUAGE_STANDARD = gnu99;
				GCC_NO_COMMON_BLOCKS = YES;
				GCC_WARN_64_TO_32_BIT_CONVERSION = YES;
				GCC_WARN_ABOUT_RETURN_TYPE = YES_ERROR;
				GCC_WARN_UNDECLARED_SELECTOR = YES;
				GCC_WARN_UNINITIALIZED_AUTOS = YES_AGGRESSIVE;
				GCC_WARN_UNUSED_FUNCTION = YES;
				GCC_WARN_UNUSED_VARIABLE = YES;
				IPHONEOS_DEPLOYMENT_TARGET = 9.3;
				MTL_ENABLE_DEBUG_INFO = NO;
				SDKROOT = iphoneos;
				VALIDATE_PRODUCT = YES;
			};
			name = Release;
		};
		3584E5B11DAB3BE300504539 /* Debug */ = {
			isa = XCBuildConfiguration;
			baseConfigurationReference = 94C8E45D473FF92F97BDAD1A /* Pods.debug.xcconfig */;
			buildSettings = {
				ASSETCATALOG_COMPILER_APPICON_NAME = AppIcon;
				INFOPLIST_FILE = XLsn0wChooser/Info.plist;
				IPHONEOS_DEPLOYMENT_TARGET = 8.0;
				LD_RUNPATH_SEARCH_PATHS = "$(inherited) @executable_path/Frameworks";
				PRODUCT_BUNDLE_IDENTIFIER = com.xlsn0w.XLsn0wChooser;
				PRODUCT_NAME = "$(TARGET_NAME)";
			};
			name = Debug;
		};
		3584E5B21DAB3BE300504539 /* Release */ = {
			isa = XCBuildConfiguration;
			baseConfigurationReference = 385E2A34D343E2ABF2B79496 /* Pods.release.xcconfig */;
			buildSettings = {
				ASSETCATALOG_COMPILER_APPICON_NAME = AppIcon;
				INFOPLIST_FILE = XLsn0wChooser/Info.plist;
				IPHONEOS_DEPLOYMENT_TARGET = 8.0;
				LD_RUNPATH_SEARCH_PATHS = "$(inherited) @executable_path/Frameworks";
				PRODUCT_BUNDLE_IDENTIFIER = com.xlsn0w.XLsn0wChooser;
				PRODUCT_NAME = "$(TARGET_NAME)";
			};
			name = Release;
		};
/* End XCBuildConfiguration section */

/* Begin XCConfigurationList section */
		3584E5941DAB3BE300504539 /* Build configuration list for PBXProject "XLsn0wChooser" */ = {
			isa = XCConfigurationList;
			buildConfigurations = (
				3584E5AE1DAB3BE300504539 /* Debug */,
				3584E5AF1DAB3BE300504539 /* Release */,
			);
			defaultConfigurationIsVisible = 0;
			defaultConfigurationName = Release;
		};
		3584E5B01DAB3BE300504539 /* Build configuration list for PBXNativeTarget "XLsn0wChooser" */ = {
			isa = XCConfigurationList;
			buildConfigurations = (
				3584E5B11DAB3BE300504539 /* Debug */,
				3584E5B21DAB3BE300504539 /* Release */,
			);
			defaultConfigurationIsVisible = 0;
			defaultConfigurationName = Release;
		};
/* End XCConfigurationList section */
	};
	rootObject = 3584E5911DAB3BE300504539 /* Project object */;
}
