// !$*UTF8*$!
{
	archiveVersion = 1;
	classes = {
	};
	objectVersion = 46;
	objects = {

/* Begin PBXBuildFile section */
		1C4D8C062E82C9525D09E533 /* libPods.a in Frameworks */ = {isa = PBXBuildFile; fileRef = 4661867F18E551152C79CE55 /* libPods.a */; };
		3540921E1DB4F18C0066519E /* MXSCycleScrollView.m in Sources */ = {isa = PBXBuildFile; fileRef = 354092191DB4F18C0066519E /* MXSCycleScrollView.m */; };
		3540921F1DB4F18C0066519E /* UIColor+HcdCustom.m in Sources */ = {isa = PBXBuildFile; fileRef = 3540921B1DB4F18C0066519E /* UIColor+HcdCustom.m */; };
		354092201DB4F18C0066519E /* XLsn0wChooserTimer.m in Sources */ = {isa = PBXBuildFile; fileRef = 3540921D1DB4F18C0066519E /* XLsn0wChooserTimer.m */; };
		357AE2B81DAC7F4D006BEB7A /* XLsn0wPopMenu.m in Sources */ = {isa = PBXBuildFile; fileRef = 357AE2B71DAC7F4D006BEB7A /* XLsn0wPopMenu.m */; };
		3584E59E1DAB3BE300504539 /* main.m in Sources */ = {isa = PBXBuildFile; fileRef = 3584E59D1DAB3BE300504539 /* main.m */; };
		3584E5A11DAB3BE300504539 /* AppDelegate.m in Sources */ = {isa = PBXBuildFile; fileRef = 3584E5A01DAB3BE300504539 /* AppDelegate.m */; };
		3584E5A41DAB3BE300504539 /* ViewController.m in Sources */ = {isa = PBXBuildFile; fileRef = 3584E5A31DAB3BE300504539 /* ViewController.m */; };
		3584E5A71DAB3BE300504539 /* Main.storyboard in Resources */ = {isa = PBXBuildFile; fileRef = 3584E5A51DAB3BE300504539 /* Main.storyboard */; };
		3584E5A91DAB3BE300504539 /* Assets.xcassets in Resources */ = {isa = PBXBuildFile; fileRef = 3584E5A81DAB3BE300504539 /* Assets.xcassets */; };
		3584E5AC1DAB3BE300504539 /* LaunchScreen.storyboard in Resources */ = {isa = PBXBuildFile; fileRef = 3584E5AA1DAB3BE300504539 /* LaunchScreen.storyboard */; };
		3584E5CF1DAB3BFD00504539 /* XLsn0wChooser.podspec in Resources */ = {isa = PBXBuildFile; fileRef = 3584E5C41DAB3BFD00504539 /* XLsn0wChooser.podspec */; };
		3593AD121DBC8DEB0047B3FA /* XLsn0wCenterDater.m in Sources */ = {isa = PBXBuildFile; fileRef = 3593AD111DBC8DEB0047B3FA /* XLsn0wCenterDater.m */; };
		3593AD191DBC92940047B3FA /* XLsn0wChooser.m in Sources */ = {isa = PBXBuildFile; fileRef = 3593AD181DBC92940047B3FA /* XLsn0wChooser.m */; };
		3595990A1DB5AB680077667B /* XLsn0wActionSheet.m in Sources */ = {isa = PBXBuildFile; fileRef = 359599071DB5AB680077667B /* XLsn0wActionSheet.m */; };
		3595990E1DB5B7510077667B /* UMSocialShareView.m in Sources */ = {isa = PBXBuildFile; fileRef = 3595990D1DB5B7510077667B /* UMSocialShareView.m */; };
		3597ED111DB248B5000770C2 /* XLsn0wPickerSingler.m in Sources */ = {isa = PBXBuildFile; fileRef = 3597ED0A1DB248B5000770C2 /* XLsn0wPickerSingler.m */; };
		3597ED121DB248B5000770C2 /* XLsn0wToolbar.m in Sources */ = {isa = PBXBuildFile; fileRef = 3597ED0D1DB248B5000770C2 /* XLsn0wToolbar.m */; };
		3597ED131DB248B5000770C2 /* XLsn0wPickerDater.m in Sources */ = {isa = PBXBuildFile; fileRef = 3597ED101DB248B5000770C2 /* XLsn0wPickerDater.m */; };
		3597ED171DB24A18000770C2 /* XLsn0wPickerAreaer.m in Sources */ = {isa = PBXBuildFile; fileRef = 3597ED161DB24A18000770C2 /* XLsn0wPickerAreaer.m */; };
		3597ED1A1DB24A3B000770C2 /* area.plist in Resources */ = {isa = PBXBuildFile; fileRef = 3597ED191DB24A3B000770C2 /* area.plist */; };
		3597ED1F1DB24F34000770C2 /* XLsn0wCenterDatePicker.m in Sources */ = {isa = PBXBuildFile; fileRef = 3597ED1D1DB24F34000770C2 /* XLsn0wCenterDatePicker.m */; };
		35A78C011DAB7A8100D9D180 /* XLsn0wDropMenu.m in Sources */ = {isa = PBXBuildFile; fileRef = 35A78BFD1DAB7A8100D9D180 /* XLsn0wDropMenu.m */; };
/* End PBXBuildFile section */

/* Begin PBXFileReference section */
		354092181DB4F18C0066519E /* MXSCycleScrollView.h */ = {isa = PBXFileReference; fileEncoding = 4; lastKnownFileType = sourcecode.c.h; path = MXSCycleScrollView.h; sourceTree = "<group>"; };
		354092191DB4F18C0066519E /* MXSCycleScrollView.m */ = {isa = PBXFileReference; fileEncoding = 4; lastKnownFileType = sourcecode.c.objc; path = MXSCycleScrollView.m; sourceTree = "<group>"; };
		3540921A1DB4F18C0066519E /* UIColor+HcdCustom.h */ = {isa = PBXFileReference; fileEncoding = 4; lastKnownFileType = sourcecode.c.h; path = "UIColor+HcdCustom.h"; sourceTree = "<group>"; };
		3540921B1DB4F18C0066519E /* UIColor+HcdCustom.m */ = {isa = PBXFileReference; fileEncoding = 4; lastKnownFileType = sourcecode.c.objc; path = "UIColor+HcdCustom.m"; sourceTree = "<group>"; };
		3540921C1DB4F18C0066519E /* XLsn0wChooserTimer.h */ = {isa = PBXFileReference; fileEncoding = 4; lastKnownFileType = sourcecode.c.h; path = XLsn0wChooserTimer.h; sourceTree = "<group>"; };
		3540921D1DB4F18C0066519E /* XLsn0wChooserTimer.m */ = {isa = PBXFileReference; fileEncoding = 4; lastKnownFileType = sourcecode.c.objc; path = XLsn0wChooserTimer.m; sourceTree = "<group>"; };
		357AE2B61DAC7F4D006BEB7A /* XLsn0wPopMenu.h */ = {isa = PBXFileReference; fileEncoding = 4; lastKnownFileType = sourcecode.c.h; path = XLsn0wPopMenu.h; sourceTree = "<group>"; };
		357AE2B71DAC7F4D006BEB7A /* XLsn0wPopMenu.m */ = {isa = PBXFileReference; fileEncoding = 4; lastKnownFileType = sourcecode.c.objc; path = XLsn0wPopMenu.m; sourceTree = "<group>"; };
		3584E5991DAB3BE300504539 /* XLsn0wChooser.app */ = {isa = PBXFileReference; explicitFileType = wrapper.application; includeInIndex = 0; path = XLsn0wChooser.app; sourceTree = BUILT_PRODUCTS_DIR; };
		3584E59D1DAB3BE300504539 /* main.m */ = {isa = PBXFileReference; lastKnownFileType = sourcecode.c.objc; path = main.m; sourceTree = "<group>"; };
		3584E59F1DAB3BE300504539 /* AppDelegate.h */ = {isa = PBXFileReference; lastKnownFileType = sourcecode.c.h; path = AppDelegate.h; sourceTree = "<group>"; };
		3584E5A01DAB3BE300504539 /* AppDelegate.m */ = {isa = PBXFileReference; lastKnownFileType = sourcecode.c.objc; path = AppDelegate.m; sourceTree = "<group>"; };
		3584E5A21DAB3BE300504539 /* ViewController.h */ = {isa = PBXFileReference; lastKnownFileType = sourcecode.c.h; path = ViewController.h; sourceTree = "<group>"; };
		3584E5A31DAB3BE300504539 /* ViewController.m */ = {isa = PBXFileReference; lastKnownFileType = sourcecode.c.objc; path = ViewController.m; sourceTree = "<group>"; };
		3584E5A61DAB3BE300504539 /* Base */ = {isa = PBXFileReference; lastKnownFileType = file.storyboard; name = Base; path = Base.lproj/Main.storyboard; sourceTree = "<group>"; };
		3584E5A81DAB3BE300504539 /* Assets.xcassets */ = {isa = PBXFileReference; lastKnownFileType = folder.assetcatalog; path = Assets.xcassets; sourceTree = "<group>"; };
		3584E5AB1DAB3BE300504539 /* Base */ = {isa = PBXFileReference; lastKnownFileType = file.storyboard; name = Base; path = Base.lproj/LaunchScreen.storyboard; sourceTree = "<group>"; };
		3584E5AD1DAB3BE300504539 /* Info.plist */ = {isa = PBXFileReference; lastKnownFileType = text.plist.xml; path = Info.plist; sourceTree = "<group>"; };
		3584E5C41DAB3BFD00504539 /* XLsn0wChooser.podspec */ = {isa = PBXFileReference; fileEncoding = 4; lastKnownFileType = text; path = XLsn0wChooser.podspec; sourceTree = "<group>"; };
		3593AD101DBC8DEB0047B3FA /* XLsn0wCenterDater.h */ = {isa = PBXFileReference; fileEncoding = 4; lastKnownFileType = sourcecode.c.h; path = XLsn0wCenterDater.h; sourceTree = "<group>"; };
		3593AD111DBC8DEB0047B3FA /* XLsn0wCenterDater.m */ = {isa = PBXFileReference; fileEncoding = 4; lastKnownFileType = sourcecode.c.objc; path = XLsn0wCenterDater.m; sourceTree = "<group>"; };
		3593AD171DBC92940047B3FA /* XLsn0wChooser.h */ = {isa = PBXFileReference; fileEncoding = 4; lastKnownFileType = sourcecode.c.h; path = XLsn0wChooser.h; sourceTree = "<group>"; };
		3593AD181DBC92940047B3FA /* XLsn0wChooser.m */ = {isa = PBXFileReference; fileEncoding = 4; lastKnownFileType = sourcecode.c.objc; path = XLsn0wChooser.m; sourceTree = "<group>"; };
		359599061DB5AB680077667B /* XLsn0wActionSheet.h */ = {isa = PBXFileReference; fileEncoding = 4; lastKnownFileType = sourcecode.c.h; path = XLsn0wActionSheet.h; sourceTree = "<group>"; };
		359599071DB5AB680077667B /* XLsn0wActionSheet.m */ = {isa = PBXFileReference; fileEncoding = 4; lastKnownFileType = sourcecode.c.objc; path = XLsn0wActionSheet.m; sourceTree = "<group>"; };
		3595990C1DB5B7510077667B /* UMSocialShareView.h */ = {isa = PBXFileReference; fileEncoding = 4; lastKnownFileType = sourcecode.c.h; path = UMSocialShareView.h; sourceTree = "<group>"; };
		3595990D1DB5B7510077667B /* UMSocialShareView.m */ = {isa = PBXFileReference; fileEncoding = 4; lastKnownFileType = sourcecode.c.objc; path = UMSocialShareView.m; sourceTree = "<group>"; };
		3597ED091DB248B5000770C2 /* XLsn0wPickerSingler.h */ = {isa = PBXFileReference; fileEncoding = 4; lastKnownFileType = sourcecode.c.h; path = XLsn0wPickerSingler.h; sourceTree = "<group>"; };
		3597ED0A1DB248B5000770C2 /* XLsn0wPickerSingler.m */ = {isa = PBXFileReference; fileEncoding = 4; lastKnownFileType = sourcecode.c.objc; path = XLsn0wPickerSingler.m; sourceTree = "<group>"; };
		3597ED0C1DB248B5000770C2 /* XLsn0wToolbar.h */ = {isa = PBXFileReference; fileEncoding = 4; lastKnownFileType = sourcecode.c.h; path = XLsn0wToolbar.h; sourceTree = "<group>"; };
		3597ED0D1DB248B5000770C2 /* XLsn0wToolbar.m */ = {isa = PBXFileReference; fileEncoding = 4; lastKnownFileType = sourcecode.c.objc; path = XLsn0wToolbar.m; sourceTree = "<group>"; };
		3597ED0F1DB248B5000770C2 /* XLsn0wPickerDater.h */ = {isa = PBXFileReference; fileEncoding = 4; lastKnownFileType = sourcecode.c.h; path = XLsn0wPickerDater.h; sourceTree = "<group>"; };
		3597ED101DB248B5000770C2 /* XLsn0wPickerDater.m */ = {isa = PBXFileReference; fileEncoding = 4; lastKnownFileType = sourcecode.c.objc; path = XLsn0wPickerDater.m; sourceTree = "<group>"; };
		3597ED151DB24A18000770C2 /* XLsn0wPickerAreaer.h */ = {isa = PBXFileReference; fileEncoding = 4; lastKnownFileType = sourcecode.c.h; path = XLsn0wPickerAreaer.h; sourceTree = "<group>"; };
		3597ED161DB24A18000770C2 /* XLsn0wPickerAreaer.m */ = {isa = PBXFileReference; fileEncoding = 4; lastKnownFileType = sourcecode.c.objc; path = XLsn0wPickerAreaer.m; sourceTree = "<group>"; };
		3597ED191DB24A3B000770C2 /* area.plist */ = {isa = PBXFileReference; fileEncoding = 4; lastKnownFileType = text.plist.xml; path = area.plist; sourceTree = "<group>"; };
		3597ED1C1DB24F34000770C2 /* XLsn0wCenterDatePicker.h */ = {isa = PBXFileReference; fileEncoding = 4; lastKnownFileType = sourcecode.c.h; path = XLsn0wCenterDatePicker.h; sourceTree = "<group>"; };
		3597ED1D1DB24F34000770C2 /* XLsn0wCenterDatePicker.m */ = {isa = PBXFileReference; fileEncoding = 4; lastKnownFileType = sourcecode.c.objc; path = XLsn0wCenterDatePicker.m; sourceTree = "<group>"; };
		35A78BFC1DAB7A8100D9D180 /* XLsn0wDropMenu.h */ = {isa = PBXFileReference; fileEncoding = 4; lastKnownFileType = sourcecode.c.h; path = XLsn0wDropMenu.h; sourceTree = "<group>"; };
		35A78BFD1DAB7A8100D9D180 /* XLsn0wDropMenu.m */ = {isa = PBXFileReference; fileEncoding = 4; lastKnownFileType = sourcecode.c.objc; path = XLsn0wDropMenu.m; sourceTree = "<group>"; };
		35A78C031DAB7AA600D9D180 /* XLsn0wChooserKit.h */ = {isa = PBXFileReference; fileEncoding = 4; lastKnownFileType = sourcecode.c.h; path = XLsn0wChooserKit.h; sourceTree = "<group>"; };
		385E2A34D343E2ABF2B79496 /* Pods.release.xcconfig */ = {isa = PBXFileReference; includeInIndex = 1; lastKnownFileType = text.xcconfig; name = Pods.release.xcconfig; path = "Pods/Target Support Files/Pods/Pods.release.xcconfig"; sourceTree = "<group>"; };
		4661867F18E551152C79CE55 /* libPods.a */ = {isa = PBXFileReference; explicitFileType = archive.ar; includeInIndex = 0; path = libPods.a; sourceTree = BUILT_PRODUCTS_DIR; };
		94C8E45D473FF92F97BDAD1A /* Pods.debug.xcconfig */ = {isa = PBXFileReference; includeInIndex = 1; lastKnownFileType = text.xcconfig; name = Pods.debug.xcconfig; path = "Pods/Target Support Files/Pods/Pods.debug.xcconfig"; sourceTree = "<group>"; };
/* End PBXFileReference section */

/* Begin PBXFrameworksBuildPhase section */
		3584E5961DAB3BE300504539 /* Frameworks */ = {
			isa = PBXFrameworksBuildPhase;
			buildActionMask = 2147483647;
			files = (
				1C4D8C062E82C9525D09E533 /* libPods.a in Frameworks */,
			);
			runOnlyForDeploymentPostprocessing = 0;
		};
/* End PBXFrameworksBuildPhase section */

/* Begin PBXGroup section */
		354092171DB4F18C0066519E /* XLsn0wChooserTimer */ = {
			isa = PBXGroup;
			children = (
				3540921C1DB4F18C0066519E /* XLsn0wChooserTimer.h */,
				3540921D1DB4F18C0066519E /* XLsn0wChooserTimer.m */,
				354092181DB4F18C0066519E /* MXSCycleScrollView.h */,
				354092191DB4F18C0066519E /* MXSCycleScrollView.m */,
				3540921A1DB4F18C0066519E /* UIColor+HcdCustom.h */,
				3540921B1DB4F18C0066519E /* UIColor+HcdCustom.m */,
			);
			path = XLsn0wChooserTimer;
			sourceTree = "<group>";
		};
		3584E5901DAB3BE300504539 = {
			isa = PBXGroup;
			children = (
				3584E5B31DAB3BFD00504539 /* XLsn0w */,
				3584E59B1DAB3BE300504539 /* XLsn0wChooser */,
				3584E59A1DAB3BE300504539 /* Products */,
				BA53688AA84515725EFB4999 /* Pods */,
				7E59BF7B6A95F561D62EED31 /* Frameworks */,
			);
			sourceTree = "<group>";
		};
		3584E59A1DAB3BE300504539 /* Products */ = {
			isa = PBXGroup;
			children = (
				3584E5991DAB3BE300504539 /* XLsn0wChooser.app */,
			);
			name = Products;
			sourceTree = "<group>";
		};
		3584E59B1DAB3BE300504539 /* XLsn0wChooser */ = {
			isa = PBXGroup;
			children = (
				3584E59F1DAB3BE300504539 /* AppDelegate.h */,
				3584E5A01DAB3BE300504539 /* AppDelegate.m */,
				3584E5A21DAB3BE300504539 /* ViewController.h */,
				3584E5A31DAB3BE300504539 /* ViewController.m */,
				3584E5A51DAB3BE300504539 /* Main.storyboard */,
				3584E5A81DAB3BE300504539 /* Assets.xcassets */,
				3584E5AA1DAB3BE300504539 /* LaunchScreen.storyboard */,
				3584E5AD1DAB3BE300504539 /* Info.plist */,
				3584E59C1DAB3BE300504539 /* Supporting Files */,
			);
			path = XLsn0wChooser;
			sourceTree = "<group>";
		};
		3584E59C1DAB3BE300504539 /* Supporting Files */ = {
			isa = PBXGroup;
			children = (
				3584E59D1DAB3BE300504539 /* main.m */,
			);
			name = "Supporting Files";
			sourceTree = "<group>";
		};
		3584E5B31DAB3BFD00504539 /* XLsn0w */ = {
			isa = PBXGroup;
			children = (
				3584E5C41DAB3BFD00504539 /* XLsn0wChooser.podspec */,
				35A78C031DAB7AA600D9D180 /* XLsn0wChooserKit.h */,
				3593AD161DBC92940047B3FA /* XLsn0wChooser */,
				3593AD0F1DBC8DEB0047B3FA /* XLsn0wCenterDater */,
				3593AD1A1DBC945E0047B3FA /* XLsn0wBottomDater */,
				3595990B1DB5B7510077667B /* UMSocialShareView */,
				359599011DB5AB680077667B /* XLsn0wActionSheet */,
				354092171DB4F18C0066519E /* XLsn0wChooserTimer */,
				3597ED1B1DB24F34000770C2 /* XLsn0wCenterDatePicker */,
				3597ED081DB248B5000770C2 /* XLsn0wPickerSingler */,
				3597ED141DB24A18000770C2 /* XLsn0wPickerAreaer */,
				3597ED0E1DB248B5000770C2 /* XLsn0wPickerDater */,
				35A78BFE1DAB7A8100D9D180 /* XLsn0wPopMenu */,
				35A78BFB1DAB7A8100D9D180 /* XLsn0wDropMenu */,
				3597ED0B1DB248B5000770C2 /* XLsn0wToolbar */,
				3597ED181DB24A3B000770C2 /* Resources */,
			);
			path = XLsn0w;
			sourceTree = "<group>";
		};
		3593AD0F1DBC8DEB0047B3FA /* XLsn0wCenterDater */ = {
			isa = PBXGroup;
			children = (
				3593AD101DBC8DEB0047B3FA /* XLsn0wCenterDater.h */,
				3593AD111DBC8DEB0047B3FA /* XLsn0wCenterDater.m */,
			);
			path = XLsn0wCenterDater;
			sourceTree = "<group>";
		};
		3593AD161DBC92940047B3FA /* XLsn0wChooser */ = {
			isa = PBXGroup;
			children = (
				3593AD171DBC92940047B3FA /* XLsn0wChooser.h */,
				3593AD181DBC92940047B3FA /* XLsn0wChooser.m */,
			);
			path = XLsn0wChooser;
			sourceTree = "<group>";
		};
		3593AD1A1DBC945E0047B3FA /* XLsn0wBottomDater */ = {
			isa = PBXGroup;
			children = (
			);
			path = XLsn0wBottomDater;
			sourceTree = "<group>";
		};
		359599011DB5AB680077667B /* XLsn0wActionSheet */ = {
			isa = PBXGroup;
			children = (
				359599061DB5AB680077667B /* XLsn0wActionSheet.h */,
				359599071DB5AB680077667B /* XLsn0wActionSheet.m */,
			);
			path = XLsn0wActionSheet;
			sourceTree = "<group>";
		};
		3595990B1DB5B7510077667B /* UMSocialShareView */ = {
			isa = PBXGroup;
			children = (
				3595990C1DB5B7510077667B /* UMSocialShareView.h */,
				3595990D1DB5B7510077667B /* UMSocialShareView.m */,
			);
			path = UMSocialShareView;
			sourceTree = "<group>";
		};
		3597ED081DB248B5000770C2 /* XLsn0wPickerSingler */ = {
			isa = PBXGroup;
			children = (
				3597ED091DB248B5000770C2 /* XLsn0wPickerSingler.h */,
				3597ED0A1DB248B5000770C2 /* XLsn0wPickerSingler.m */,
			);
			path = XLsn0wPickerSingler;
			sourceTree = "<group>";
		};
		3597ED0B1DB248B5000770C2 /* XLsn0wToolbar */ = {
			isa = PBXGroup;
			children = (
				3597ED0C1DB248B5000770C2 /* XLsn0wToolbar.h */,
				3597ED0D1DB248B5000770C2 /* XLsn0wToolbar.m */,
			);
			path = XLsn0wToolbar;
			sourceTree = "<group>";
		};
		3597ED0E1DB248B5000770C2 /* XLsn0wPickerDater */ = {
			isa = PBXGroup;
			children = (
				3597ED0F1DB248B5000770C2 /* XLsn0wPickerDater.h */,
				3597ED101DB248B5000770C2 /* XLsn0wPickerDater.m */,
			);
			path = XLsn0wPickerDater;
			sourceTree = "<group>";
		};
		3597ED141DB24A18000770C2 /* XLsn0wPickerAreaer */ = {
			isa = PBXGroup;
			children = (
				3597ED151DB24A18000770C2 /* XLsn0wPickerAreaer.h */,
				3597ED161DB24A18000770C2 /* XLsn0wPickerAreaer.m */,
			);
			path = XLsn0wPickerAreaer;
			sourceTree = "<group>";
		};
		3597ED181DB24A3B000770C2 /* Resources */ = {
			isa = PBXGroup;
			children = (
				3597ED191DB24A3B000770C2 /* area.plist */,
			);
			path = Resources;
			sourceTree = "<group>";
		};
		3597ED1B1DB24F34000770C2 /* XLsn0wCenterDatePicker */ = {
			isa = PBXGroup;
			children = (
				3597ED1C1DB24F34000770C2 /* XLsn0wCenterDatePicker.h */,
				3597ED1D1DB24F34000770C2 /* XLsn0wCenterDatePicker.m */,
			);
			path = XLsn0wCenterDatePicker;
			sourceTree = "<group>";
		};
		35A78BFB1DAB7A8100D9D180 /* XLsn0wDropMenu */ = {
			isa = PBXGroup;
			children = (
				35A78BFC1DAB7A8100D9D180 /* XLsn0wDropMenu.h */,
				35A78BFD1DAB7A8100D9D180 /* XLsn0wDropMenu.m */,
			);
			path = XLsn0wDropMenu;
			sourceTree = "<group>";
		};
		35A78BFE1DAB7A8100D9D180 /* XLsn0wPopMenu */ = {
			isa = PBXGroup;
			children = (
				357AE2B61DAC7F4D006BEB7A /* XLsn0wPopMenu.h */,
				357AE2B71DAC7F4D006BEB7A /* XLsn0wPopMenu.m */,
			);
			path = XLsn0wPopMenu;
			sourceTree = "<group>";
		};
		7E59BF7B6A95F561D62EED31 /* Frameworks */ = {
			isa = PBXGroup;
			children = (
				4661867F18E551152C79CE55 /* libPods.a */,
			);
			name = Frameworks;
			sourceTree = "<group>";
		};
		BA53688AA84515725EFB4999 /* Pods */ = {
			isa = PBXGroup;
			children = (
				94C8E45D473FF92F97BDAD1A /* Pods.debug.xcconfig */,
				385E2A34D343E2ABF2B79496 /* Pods.release.xcconfig */,
			);
			name = Pods;
			sourceTree = "<group>";
		};
/* End PBXGroup section */

/* Begin PBXNativeTarget section */
		3584E5981DAB3BE300504539 /* XLsn0wChooser */ = {
			isa = PBXNativeTarget;
			buildConfigurationList = 3584E5B01DAB3BE300504539 /* Build configuration list for PBXNativeTarget "XLsn0wChooser" */;
			buildPhases = (
				0991B65FBED1138CAE6EA730 /* Check Pods Manifest.lock */,
				3584E5951DAB3BE300504539 /* Sources */,
				3584E5961DAB3BE300504539 /* Frameworks */,
				3584E5971DAB3BE300504539 /* Resources */,
				15EA5158E588F96F3EC6DA52 /* Embed Pods Frameworks */,
				804EDDD69E5F87C65F5C03EA /* Copy Pods Resources */,
			);
			buildRules = (
			);
			dependencies = (
			);
			name = XLsn0wChooser;
			productName = XLsn0wChooser;
			productReference = 3584E5991DAB3BE300504539 /* XLsn0wChooser.app */;
			productType = "com.apple.product-type.application";
		};
/* End PBXNativeTarget section */

/* Begin PBXProject section */
		3584E5911DAB3BE300504539 /* Project object */ = {
			isa = PBXProject;
			attributes = {
				LastUpgradeCheck = 0800;
				ORGANIZATIONNAME = XLsn0w;
				TargetAttributes = {
					3584E5981DAB3BE300504539 = {
						CreatedOnToolsVersion = 7.3.1;
					};
				};
			};
			buildConfigurationList = 3584E5941DAB3BE300504539 /* Build configuration list for PBXProject "XLsn0wChooser" */;
			compatibilityVersion = "Xcode 3.2";
			developmentRegion = English;
			hasScannedForEncodings = 0;
			knownRegions = (
				en,
				Base,
			);
			mainGroup = 3584E5901DAB3BE300504539;
			productRefGroup = 3584E59A1DAB3BE300504539 /* Products */;
			projectDirPath = "";
			projectRoot = "";
			targets = (
				3584E5981DAB3BE300504539 /* XLsn0wChooser */,
			);
		};
/* End PBXProject section */

/* Begin PBXResourcesBuildPhase section */
		3584E5971DAB3BE300504539 /* Resources */ = {
			isa = PBXResourcesBuildPhase;
			buildActionMask = 2147483647;
			files = (
				3584E5CF1DAB3BFD00504539 /* XLsn0wChooser.podspec in Resources */,
				3584E5AC1DAB3BE300504539 /* LaunchScreen.storyboard in Resources */,
				3584E5A91DAB3BE300504539 /* Assets.xcassets in Resources */,
				3584E5A71DAB3BE300504539 /* Main.storyboard in Resources */,
				3597ED1A1DB24A3B000770C2 /* area.plist in Resources */,
			);
			runOnlyForDeploymentPostprocessing = 0;
		};
/* End PBXResourcesBuildPhase section */

/* Begin PBXShellScriptBuildPhase section */
		0991B65FBED1138CAE6EA730 /* Check Pods Manifest.lock */ = {
			isa = PBXShellScriptBuildPhase;
			buildActionMask = 2147483647;
			files = (
			);
			inputPaths = (
			);
			name = "Check Pods Manifest.lock";
			outputPaths = (
			);
			runOnlyForDeploymentPostprocessing = 0;
			shellPath = /bin/sh;
			shellScript = "diff \"${PODS_ROOT}/../Podfile.lock\" \"${PODS_ROOT}/Manifest.lock\" > /dev/null\nif [[ $? != 0 ]] ; then\n    cat << EOM\nerror: The sandbox is not in sync with the Podfile.lock. Run 'pod install' or update your CocoaPods installation.\nEOM\n    exit 1\nfi\n";
			showEnvVarsInLog = 0;
		};
		15EA5158E588F96F3EC6DA52 /* Embed Pods Frameworks */ = {
			isa = PBXShellScriptBuildPhase;
			buildActionMask = 2147483647;
			files = (
			);
			inputPaths = (
			);
			name = "Embed Pods Frameworks";
			outputPaths = (
			);
			runOnlyForDeploymentPostprocessing = 0;
			shellPath = /bin/sh;
			shellScript = "\"${SRCROOT}/Pods/Target Support Files/Pods/Pods-frameworks.sh\"\n";
			showEnvVarsInLog = 0;
		};
		804EDDD69E5F87C65F5C03EA /* Copy Pods Resources */ = {
			isa = PBXShellScriptBuildPhase;
			buildActionMask = 2147483647;
			files = (
			);
			inputPaths = (
			);
			name = "Copy Pods Resources";
			outputPaths = (
			);
			runOnlyForDeploymentPostprocessing = 0;
			shellPath = /bin/sh;
			shellScript = "\"${SRCROOT}/Pods/Target Support Files/Pods/Pods-resources.sh\"\n";
			showEnvVarsInLog = 0;
		};
/* End PBXShellScriptBuildPhase section */

/* Begin PBXSourcesBuildPhase section */
		3584E5951DAB3BE300504539 /* Sources */ = {
			isa = PBXSourcesBuildPhase;
			buildActionMask = 2147483647;
			files = (
				3540921F1DB4F18C0066519E /* UIColor+HcdCustom.m in Sources */,
				3597ED1F1DB24F34000770C2 /* XLsn0wCenterDatePicker.m in Sources */,
				35A78C011DAB7A8100D9D180 /* XLsn0wDropMenu.m in Sources */,
				3584E5A41DAB3BE300504539 /* ViewController.m in Sources */,
				3584E5A11DAB3BE300504539 /* AppDelegate.m in Sources */,
				3597ED171DB24A18000770C2 /* XLsn0wPickerAreaer.m in Sources */,
				3593AD121DBC8DEB0047B3FA /* XLsn0wCenterDater.m in Sources */,
				3595990A1DB5AB680077667B /* XLsn0wActionSheet.m in Sources */,
				3597ED131DB248B5000770C2 /* XLsn0wPickerDater.m in Sources */,
				357AE2B81DAC7F4D006BEB7A /* XLsn0wPopMenu.m in Sources */,
				3540921E1DB4F18C0066519E /* MXSCycleScrollView.m in Sources */,
				3584E59E1DAB3BE300504539 /* main.m in Sources */,
				354092201DB4F18C0066519E /* XLsn0wChooserTimer.m in Sources */,
				3597ED121DB248B5000770C2 /* XLsn0wToolbar.m in Sources */,
				3597ED111DB248B5000770C2 /* XLsn0wPickerSingler.m in Sources */,
				3595990E1DB5B7510077667B /* UMSocialShareView.m in Sources */,
				3593AD191DBC92940047B3FA /* XLsn0wChooser.m in Sources */,
			);
			runOnlyForDeploymentPostprocessing = 0;
		};
/* End PBXSourcesBuildPhase section */

/* Begin PBXVariantGroup section */
		3584E5A51DAB3BE300504539 /* Main.storyboard */ = {
			isa = PBXVariantGroup;
			children = (
				3584E5A61DAB3BE300504539 /* Base */,
			);
			name = Main.storyboard;
			sourceTree = "<group>";
		};
		3584E5AA1DAB3BE300504539 /* LaunchScreen.storyboard */ = {
			isa = PBXVariantGroup;
			children = (
				3584E5AB1DAB3BE300504539 /* Base */,
			);
			name = LaunchScreen.storyboard;
			sourceTree = "<group>";
		};
/* End PBXVariantGroup section */

/* Begin XCBuildConfiguration section */
		3584E5AE1DAB3BE300504539 /* Debug */ = {
			isa = XCBuildConfiguration;
			buildSettings = {
				ALWAYS_SEARCH_USER_PATHS = NO;
				CLANG_ANALYZER_NONNULL = YES;
				CLANG_CXX_LANGUAGE_STANDARD = "gnu++0x";
				CLANG_CXX_LIBRARY = "libc++";
				CLANG_ENABLE_MODULES = YES;
				CLANG_ENABLE_OBJC_ARC = YES;
				CLANG_WARN_BOOL_CONVERSION = YES;
				CLANG_WARN_CONSTANT_CONVERSION = YES;
				CLANG_WARN_DIRECT_OBJC_ISA_USAGE = YES_ERROR;
				CLANG_WARN_EMPTY_BODY = YES;
				CLANG_WARN_ENUM_CONVERSION = YES;
				CLANG_WARN_INFINITE_RECURSION = YES;
				CLANG_WARN_INT_CONVERSION = YES;
				CLANG_WARN_OBJC_ROOT_CLASS = YES_ERROR;
				CLANG_WARN_SUSPICIOUS_MOVE = YES;
				CLANG_WARN_UNREACHABLE_CODE = YES;
				CLANG_WARN__DUPLICATE_METHOD_MATCH = YES;
				"CODE_SIGN_IDENTITY[sdk=iphoneos*]" = "iPhone Developer";
				COPY_PHASE_STRIP = NO;
				DEBUG_INFORMATION_FORMAT = dwarf;
				ENABLE_STRICT_OBJC_MSGSEND = YES;
				ENABLE_TESTABILITY = YES;
				GCC_C_LANGUAGE_STANDARD = gnu99;
				GCC_DYNAMIC_NO_PIC = NO;
				GCC_NO_COMMON_BLOCKS = YES;
				GCC_OPTIMIZATION_LEVEL = 0;
				GCC_PREPROCESSOR_DEFINITIONS = (
					"DEBUG=1",
					"$(inherited)",
				);
				GCC_WARN_64_TO_32_BIT_CONVERSION = YES;
				GCC_WARN_ABOUT_RETURN_TYPE = YES_ERROR;
				GCC_WARN_UNDECLARED_SELECTOR = YES;
				GCC_WARN_UNINITIALIZED_AUTOS = YES_AGGRESSIVE;
				GCC_WARN_UNUSED_FUNCTION = YES;
				GCC_WARN_UNUSED_VARIABLE = YES;
				IPHONEOS_DEPLOYMENT_TARGET = 8.0;
				MTL_ENABLE_DEBUG_INFO = YES;
				ONLY_ACTIVE_ARCH = YES;
				SDKROOT = iphoneos;
			};
			name = Debug;
		};
		3584E5AF1DAB3BE300504539 /* Release */ = {
			isa = XCBuildConfiguration;
			buildSettings = {
				ALWAYS_SEARCH_USER_PATHS = NO;
				CLANG_ANALYZER_NONNULL = YES;
				CLANG_CXX_LANGUAGE_STANDARD = "gnu++0x";
				CLANG_CXX_LIBRARY = "libc++";
				CLANG_ENABLE_MODULES = YES;
				CLANG_ENABLE_OBJC_ARC = YES;
				CLANG_WARN_BOOL_CONVERSION = YES;
				CLANG_WARN_CONSTANT_CONVERSION = YES;
				CLANG_WARN_DIRECT_OBJC_ISA_USAGE = YES_ERROR;
				CLANG_WARN_EMPTY_BODY = YES;
				CLANG_WARN_ENUM_CONVERSION = YES;
				CLANG_WARN_INFINITE_RECURSION = YES;
				CLANG_WARN_INT_CONVERSION = YES;
				CLANG_WARN_OBJC_ROOT_CLASS = YES_ERROR;
				CLANG_WARN_SUSPICIOUS_MOVE = YES;
				CLANG_WARN_UNREACHABLE_CODE = YES;
				CLANG_WARN__DUPLICATE_METHOD_MATCH = YES;
				"CODE_SIGN_IDENTITY[sdk=iphoneos*]" = "iPhone Developer";
				COPY_PHASE_STRIP = NO;
				DEBUG_INFORMATION_FORMAT = "dwarf-with-dsym";
				ENABLE_NS_ASSERTIONS = NO;
				ENABLE_STRICT_OBJC_MSGSEND = YES;
				GCC_C_LANGUAGE_STANDARD = gnu99;
				GCC_NO_COMMON_BLOCKS = YES;
				GCC_WARN_64_TO_32_BIT_CONVERSION = YES;
				GCC_WARN_ABOUT_RETURN_TYPE = YES_ERROR;
				GCC_WARN_UNDECLARED_SELECTOR = YES;
				GCC_WARN_UNINITIALIZED_AUTOS = YES_AGGRESSIVE;
				GCC_WARN_UNUSED_FUNCTION = YES;
				GCC_WARN_UNUSED_VARIABLE = YES;
				IPHONEOS_DEPLOYMENT_TARGET = 8.0;
				MTL_ENABLE_DEBUG_INFO = NO;
				SDKROOT = iphoneos;
				VALIDATE_PRODUCT = YES;
			};
			name = Release;
		};
		3584E5B11DAB3BE300504539 /* Debug */ = {
			isa = XCBuildConfiguration;
			baseConfigurationReference = 94C8E45D473FF92F97BDAD1A /* Pods.debug.xcconfig */;
			buildSettings = {
				ASSETCATALOG_COMPILER_APPICON_NAME = AppIcon;
				INFOPLIST_FILE = XLsn0wChooser/Info.plist;
				IPHONEOS_DEPLOYMENT_TARGET = 8.0;
				LD_RUNPATH_SEARCH_PATHS = "$(inherited) @executable_path/Frameworks";
				PRODUCT_BUNDLE_IDENTIFIER = com.xlsn0w.XLsn0wChooser;
				PRODUCT_NAME = "$(TARGET_NAME)";
			};
			name = Debug;
		};
		3584E5B21DAB3BE300504539 /* Release */ = {
			isa = XCBuildConfiguration;
			baseConfigurationReference = 385E2A34D343E2ABF2B79496 /* Pods.release.xcconfig */;
			buildSettings = {
				ASSETCATALOG_COMPILER_APPICON_NAME = AppIcon;
				INFOPLIST_FILE = XLsn0wChooser/Info.plist;
				IPHONEOS_DEPLOYMENT_TARGET = 8.0;
				LD_RUNPATH_SEARCH_PATHS = "$(inherited) @executable_path/Frameworks";
				PRODUCT_BUNDLE_IDENTIFIER = com.xlsn0w.XLsn0wChooser;
				PRODUCT_NAME = "$(TARGET_NAME)";
			};
			name = Release;
		};
/* End XCBuildConfiguration section */

/* Begin XCConfigurationList section */
		3584E5941DAB3BE300504539 /* Build configuration list for PBXProject "XLsn0wChooser" */ = {
			isa = XCConfigurationList;
			buildConfigurations = (
				3584E5AE1DAB3BE300504539 /* Debug */,
				3584E5AF1DAB3BE300504539 /* Release */,
			);
			defaultConfigurationIsVisible = 0;
			defaultConfigurationName = Release;
		};
		3584E5B01DAB3BE300504539 /* Build configuration list for PBXNativeTarget "XLsn0wChooser" */ = {
			isa = XCConfigurationList;
			buildConfigurations = (
				3584E5B11DAB3BE300504539 /* Debug */,
				3584E5B21DAB3BE300504539 /* Release */,
			);
			defaultConfigurationIsVisible = 0;
			defaultConfigurationName = Release;
		};
/* End XCConfigurationList section */
	};
	rootObject = 3584E5911DAB3BE300504539 /* Project object */;
}
